dependencies:
  espressif/esp_codec_dev:
    component_hash: 18c22e1411224ba6103c4aca1b01bc740af33926756e9e106370a477d52bcba1
    dependencies:
    - name: idf
      require: private
      version: '>=4.0'
    source:
      registry_url: https://components.espressif.com/
      type: service
    version: 1.3.4
  espressif/esp_lcd_touch:
    component_hash: 779b4ba2464a3ae85681e4b860caa5fdc35801458c23f3039ee761bae7f442a4
    dependencies:
    - name: idf
      require: private
      version: '>=4.4.2'
    source:
      registry_url: https://components.espressif.com/
      type: service
    version: 1.1.2
  idf:
    source:
      type: idf
    version: 5.5.0
  lvgl/lvgl:
    component_hash: 51022b16bce6ee90f54a8bd21cd6d497d886916899b577b1bebb9125b91e23fc
    dependencies: []
    source:
      registry_url: https://components.espressif.com/
      type: service
    version: 8.3.10
direct_dependencies:
- espressif/esp_codec_dev
- espressif/esp_lcd_touch
- idf
- lvgl/lvgl
manifest_hash: 81c9dcaf200723f80cf4a5961f2eaa9e579e35545f3edaadef2bf4a9da707145
target: esp32s3
version: 2.0.0
